
Microsoft Visual Studio Solution File, Format Version 12.00
# Visual Studio Version 16
VisualStudioVersion = 16.0.29215.179
MinimumVisualStudioVersion = 10.0.40219.1
Project("{FAE04EC0-301F-11D3-BF4B-00C04F79EFBC}") = "Project New Genesis", "Project New Genesis\Project New Genesis.csproj", "{4D268D6E-E538-4D84-913B-86F28528BCF6}"
EndProject
Global
	GlobalSection(SolutionConfigurationPlatforms) = preSolution
		Debug|Any CPU = Debug|Any CPU
		Release|Any CPU = Release|Any CPU
	EndGlobalSection
	GlobalSection(ProjectConfigurationPlatforms) = postSolution
		{4D268D6E-E538-4D84-913B-86F28528BCF6}.Debug|Any CPU.ActiveCfg = Debug|Any CPU
		{4D268D6E-E538-4D84-913B-86F28528BCF6}.Debug|Any CPU.Build.0 = Debug|Any CPU
		{4D268D6E-E538-4D84-913B-86F28528BCF6}.Release|Any CPU.ActiveCfg = Release|Any CPU
		{4D268D6E-E538-4D84-913B-86F28528BCF6}.Release|Any CPU.Build.0 = Release|Any CPU
	EndGlobalSection
	GlobalSection(SolutionProperties) = preSolution
		HideSolutionNode = FALSE
	EndGlobalSection
	GlobalSection(ExtensibilityGlobals) = postSolution
		SolutionGuid = {6C2742C2-00C2-40A1-BEB1-27F59670BBE7}
	EndGlobalSection
EndGlobal
